<?xml version="1.0" encoding="utf-8"?>
<Project ToolsVersion="4.0" xmlns="http://schemas.microsoft.com/developer/msbuild/2003">
  <ItemGroup>
    <ClCompile Include="features\combat\combat.cpp" />
    <ClCompile Include="features\hud\hud.cpp" />
    <ClCompile Include="features\config\config.cpp" />
    <ClCompile Include="features\changer\changer.cpp" />
    <ClCompile Include="features\movement\movement.cpp" />
    <ClCompile Include="features\movement\prediction\prediction.cpp" />
    <ClCompile Include="hooks\hooks.cpp" />
    <ClCompile Include="features\menu\menu.cpp" />
    <ClCompile Include="features\misc\misc.cpp" />
    <ClCompile Include="source2-sdk\math\math.cpp" />
    <ClCompile Include="utilities\vfunc.hpp" />
    <ClCompile Include="source2-sdk\schema_system\schema_system.cpp" />
    <ClCompile Include="source2-sdk\sdk.cpp" />
    <ClCompile Include="source2-sdk\sdl\sdl.cpp" />
    <ClCompile Include="utilities\console\console.cpp" />
    <ClCompile Include="utilities\debug_console\debug.cpp" />
    <ClCompile Include="entry.cpp" />
    <ClCompile Include="source2-sdk\interfaces\interfaces.cpp" />
    <ClCompile Include="utilities\imgui\imgui.cpp" />
    <ClCompile Include="utilities\imgui\imgui_draw.cpp" />
    <ClCompile Include="utilities\imgui\imgui_impl_dx11.cpp" />
    <ClCompile Include="utilities\imgui\imgui_impl_win32.cpp" />
    <ClCompile Include="utilities\imgui\imgui_tables.cpp" />
    <ClCompile Include="utilities\imgui\imgui_widgets.cpp" />
    <ClCompile Include="utilities\minhook\buffer.c" />
    <ClCompile Include="utilities\minhook\hde\hde32.c" />
    <ClCompile Include="utilities\minhook\hde\hde64.c" />
    <ClCompile Include="utilities\minhook\hook.c" />
    <ClCompile Include="utilities\minhook\trampoline.c" />
    <ClCompile Include="utilities\renderer\renderer.cpp" />
    <ClCompile Include="utilities\shadow_vmt\shadow_vmt.cpp" />
    <ClCompile Include="utilities\utilities.cpp" />
    <ClCompile Include="features\visuals\visuals.cpp" />
  </ItemGroup>
  <ItemGroup>
    <ClInclude Include="features\combat\combat.hpp" />
    <ClInclude Include="features\config\config.hpp" />
    <ClInclude Include="features\config\binds.hpp" />
    <ClInclude Include="features\changer\changer.hpp" />
    <ClInclude Include="features\movement\movement.hpp" />
    <ClInclude Include="features\movement\prediction\prediction.hpp" />
    <ClInclude Include="hooks\hooks.hpp" />
    <ClInclude Include="features\menu\menu.hpp" />
    <ClInclude Include="features\misc\misc.hpp" />
    <ClInclude Include="signatures.hpp" />
    <ClInclude Include="source2-sdk\classes\entity.hpp" />
    <ClInclude Include="source2-sdk\classes\players.hpp" />
    <ClInclude Include="source2-sdk\classes\skeleton.hpp" />
    <ClInclude Include="source2-sdk\classes\types.hpp" />
    <ClInclude Include="source2-sdk\classes\weapons.hpp" />
    <ClInclude Include="source2-sdk\classes\trace.hpp" />
    <ClInclude Include="source2-sdk\classes\viewsetup.hpp" />
    <ClInclude Include="source2-sdk\classes\entities.hpp" />
    <ClInclude Include="source2-sdk\classes\user_cmd.hpp" />
    <ClInclude Include="source2-sdk\interfaces\inetclient.hpp" />
    <ClInclude Include="source2-sdk\interfaces\cprediction.hpp" />
    <ClInclude Include="source2-sdk\interfaces\i_client.hpp" />
    <ClInclude Include="source2-sdk\interfaces\i_csgo_input.hpp" />
    <ClInclude Include="source2-sdk\interfaces\i_engine_client.hpp" />
    <ClInclude Include="source2-sdk\interfaces\i_entity_list.hpp" />
    <ClInclude Include="source2-sdk\interfaces\i_input_system.hpp" />
    <ClInclude Include="source2-sdk\interfaces\i_schema_system.hpp" />
    <ClInclude Include="source2-sdk\interfaces\i_trace.hpp" />
    <ClInclude Include="source2-sdk\interfaces\visible.hpp" />
    <ClInclude Include="source2-sdk\math\math.hpp" />
    <ClInclude Include="source2-sdk\schema_system\schema_system.hpp" />
    <ClInclude Include="source2-sdk\sdk.hpp" />
    <ClInclude Include="source2-sdk\sdl\sdl.hpp" />
    <ClInclude Include="utilities\debug_console\debug.hpp" />
    <ClInclude Include="utilities\imgui\imconfig.h" />
    <ClInclude Include="utilities\imgui\imgui.h" />
    <ClInclude Include="utilities\imgui\imgui_impl_dx11.h" />
    <ClInclude Include="utilities\imgui\imgui_impl_win32.h" />
    <ClInclude Include="utilities\imgui\imgui_internal.h" />
    <ClInclude Include="utilities\imgui\imstb_rectpack.h" />
    <ClInclude Include="utilities\imgui\imstb_textedit.h" />
    <ClInclude Include="utilities\imgui\imstb_truetype.h" />
    <ClInclude Include="utilities\minhook\buffer.h" />
    <ClInclude Include="utilities\minhook\hde\hde32.h" />
    <ClInclude Include="utilities\minhook\hde\hde64.h" />
    <ClInclude Include="utilities\minhook\hde\pstdint.h" />
    <ClInclude Include="utilities\minhook\hde\table32.h" />
    <ClInclude Include="utilities\minhook\hde\table64.h" />
    <ClInclude Include="utilities\minhook\MinHook.h" />
    <ClInclude Include="utilities\minhook\trampoline.h" />
    <ClInclude Include="utilities\renderer\renderer.hpp" />
    <ClInclude Include="utilities\console\console.hpp" />
    <ClInclude Include="source2-sdk\classes\global_vars.hpp" />
    <ClInclude Include="source2-sdk\interfaces\interfaces.hpp" />
    <ClInclude Include="utilities\utilities.hpp" />
    <ClInclude Include="utilities\shadow_vmt\shadow_vmt.hpp" />
    <ClInclude Include="features\visuals\visuals.hpp" />
    <ClInclude Include="features\hud\hud.hpp" />
    <ClInclude Include="features\hud\hud_assets.hpp" />
    <ClInclude Include="features\hud\hud_scripts.hpp" />
  </ItemGroup>
  <ItemGroup>
    <None Include="README.md" />
    <None Include="todo.md" />
  </ItemGroup>
</Project>